PODS:
  - SpotX-SDK (4.5.0)
  - YouboraAVPlayerAdapter (6.5.8):
    - YouboraAVPlayerAdapter/Default (= 6.5.8)
    - YouboraLib
  - YouboraAVPlayerAdapter/Default (6.5.8):
    - YouboraLib
  - YouboraConfigUtils (1.1.1):
    - YouboraLib (= 6.5.8)
  - YouboraLib (6.5.8)

DEPENDENCIES:
  - SpotX-SDK
  - YouboraAVPlayerAdapter
  - YouboraConfigUtils
  - YouboraLib

SPEC REPOS:
  https://github.com/cocoapods/specs.git:
    - SpotX-SDK
    - YouboraAVPlayerAdapter
    - YouboraConfigUtils
    - YouboraLib

SPEC CHECKSUMS:
  SpotX-SDK: 59b69c3fcbe41b395cbf1083cbf7a85d5682d0f7
  YouboraAVPlayerAdapter: a114f17cabd780270165dd8d232e9e009eb9d61b
  YouboraConfigUtils: 6e646be968b52ab23529ee3d8576ea2e6ece862b
  YouboraLib: 87e023e76dd68dfc3fcdebcfb984adc6774706f7

PODFILE CHECKSUM: cdd54987d6a3cf86370c001f74c87cc77862dbf7

COCOAPODS: 1.7.5
